// !$*UTF8*$!
{
	archiveVersion = 1;
	classes = {
	};
	objectVersion = 50;
	objects = {

/* Begin PBXBuildFile section */
		973DEBC72260A1D30020F233 /* AppDelegate.swift in Sources */ = {isa = PBXBuildFile; fileRef = 973DEBC62260A1D30020F233 /* AppDelegate.swift */; };
		973DEBC92260A1D30020F233 /* ViewController.swift in Sources */ = {isa = PBXBuildFile; fileRef = 973DEBC82260A1D30020F233 /* ViewController.swift */; };
		973DEBCC2260A1D30020F233 /* Main.storyboard in Resources */ = {isa = PBXBuildFile; fileRef = 973DEBCA2260A1D30020F233 /* Main.storyboard */; };
		973DEBCE2260A1D40020F233 /* Assets.xcassets in Resources */ = {isa = PBXBuildFile; fileRef = 973DEBCD2260A1D40020F233 /* Assets.xcassets */; };
		973DEBD12260A1D40020F233 /* LaunchScreen.storyboard in Resources */ = {isa = PBXBuildFile; fileRef = 973DEBCF2260A1D40020F233 /* LaunchScreen.storyboard */; };
		973DEBDC2260A1D40020F233 /* BarabaraGameTests.swift in Sources */ = {isa = PBXBuildFile; fileRef = 973DEBDB2260A1D40020F233 /* BarabaraGameTests.swift */; };
		973DEBE72260A1D40020F233 /* BarabaraGameUITests.swift in Sources */ = {isa = PBXBuildFile; fileRef = 973DEBE62260A1D40020F233 /* BarabaraGameUITests.swift */; };
		973DEBF62260A3DB0020F233 /* tail.png in Resources */ = {isa = PBXBuildFile; fileRef = 973DEBF42260A3DA0020F233 /* tail.png */; };
		973DEBF72260A3DB0020F233 /* bar.png in Resources */ = {isa = PBXBuildFile; fileRef = 973DEBF52260A3DA0020F233 /* bar.png */; };
		973DEBF92260A5620020F233 /* GameViewController.swift in Sources */ = {isa = PBXBuildFile; fileRef = 973DEBF82260A5610020F233 /* GameViewController.swift */; };
		973DEBFB2260A5750020F233 /* RankingViewController.swift in Sources */ = {isa = PBXBuildFile; fileRef = 973DEBFA2260A5750020F233 /* RankingViewController.swift */; };
/* End PBXBuildFile section */

/* Begin PBXContainerItemProxy section */
		973DEBD82260A1D40020F233 /* PBXContainerItemProxy */ = {
			isa = PBXContainerItemProxy;
			containerPortal = 973DEBBB2260A1D30020F233 /* Project object */;
			proxyType = 1;
			remoteGlobalIDString = 973DEBC22260A1D30020F233;
			remoteInfo = BarabaraGame;
		};
		973DEBE32260A1D40020F233 /* PBXContainerItemProxy */ = {
			isa = PBXContainerItemProxy;
			containerPortal = 973DEBBB2260A1D30020F233 /* Project object */;
			proxyType = 1;
			remoteGlobalIDString = 973DEBC22260A1D30020F233;
			remoteInfo = BarabaraGame;
		};
/* End PBXContainerItemProxy section */

/* Begin PBXFileReference section */
		973DEBC32260A1D30020F233 /* BarabaraGame.app */ = {isa = PBXFileReference; explicitFileType = wrapper.application; includeInIndex = 0; path = BarabaraGame.app; sourceTree = BUILT_PRODUCTS_DIR; };
		973DEBC62260A1D30020F233 /* AppDelegate.swift */ = {isa = PBXFileReference; lastKnownFileType = sourcecode.swift; path = AppDelegate.swift; sourceTree = "<group>"; };
		973DEBC82260A1D30020F233 /* ViewController.swift */ = {isa = PBXFileReference; lastKnownFileType = sourcecode.swift; path = ViewController.swift; sourceTree = "<group>"; };
		973DEBCB2260A1D30020F233 /* Base */ = {isa = PBXFileReference; lastKnownFileType = file.storyboard; name = Base; path = Base.lproj/Main.storyboard; sourceTree = "<group>"; };
		973DEBCD2260A1D40020F233 /* Assets.xcassets */ = {isa = PBXFileReference; lastKnownFileType = folder.assetcatalog; path = Assets.xcassets; sourceTree = "<group>"; };
		973DEBD02260A1D40020F233 /* Base */ = {isa = PBXFileReference; lastKnownFileType = file.storyboard; name = Base; path = Base.lproj/LaunchScreen.storyboard; sourceTree = "<group>"; };
		973DEBD22260A1D40020F233 /* Info.plist */ = {isa = PBXFileReference; lastKnownFileType = text.plist.xml; path = Info.plist; sourceTree = "<group>"; };
		973DEBD72260A1D40020F233 /* BarabaraGameTests.xctest */ = {isa = PBXFileReference; explicitFileType = wrapper.cfbundle; includeInIndex = 0; path = BarabaraGameTests.xctest; sourceTree = BUILT_PRODUCTS_DIR; };
		973DEBDB2260A1D40020F233 /* BarabaraGameTests.swift */ = {isa = PBXFileReference; lastKnownFileType = sourcecode.swift; path = BarabaraGameTests.swift; sourceTree = "<group>"; };
		973DEBDD2260A1D40020F233 /* Info.plist */ = {isa = PBXFileReference; lastKnownFileType = text.plist.xml; path = Info.plist; sourceTree = "<group>"; };
		973DEBE22260A1D40020F233 /* BarabaraGameUITests.xctest */ = {isa = PBXFileReference; explicitFileType = wrapper.cfbundle; includeInIndex = 0; path = BarabaraGameUITests.xctest; sourceTree = BUILT_PRODUCTS_DIR; };
		973DEBE62260A1D40020F233 /* BarabaraGameUITests.swift */ = {isa = PBXFileReference; lastKnownFileType = sourcecode.swift; path = BarabaraGameUITests.swift; sourceTree = "<group>"; };
		973DEBE82260A1D40020F233 /* Info.plist */ = {isa = PBXFileReference; lastKnownFileType = text.plist.xml; path = Info.plist; sourceTree = "<group>"; };
		973DEBF42260A3DA0020F233 /* tail.png */ = {isa = PBXFileReference; lastKnownFileType = image.png; path = tail.png; sourceTree = "<group>"; };
		973DEBF52260A3DA0020F233 /* bar.png */ = {isa = PBXFileReference; lastKnownFileType = image.png; path = bar.png; sourceTree = "<group>"; };
		973DEBF82260A5610020F233 /* GameViewController.swift */ = {isa = PBXFileReference; lastKnownFileType = sourcecode.swift; path = GameViewController.swift; sourceTree = "<group>"; };
		973DEBFA2260A5750020F233 /* RankingViewController.swift */ = {isa = PBXFileReference; lastKnownFileType = sourcecode.swift; path = RankingViewController.swift; sourceTree = "<group>"; };
/* End PBXFileReference section */

/* Begin PBXFrameworksBuildPhase section */
		973DEBC02260A1D30020F233 /* Frameworks */ = {
			isa = PBXFrameworksBuildPhase;
			buildActionMask = 2147483647;
			files = (
			);
			runOnlyForDeploymentPostprocessing = 0;
		};
		973DEBD42260A1D40020F233 /* Frameworks */ = {
			isa = PBXFrameworksBuildPhase;
			buildActionMask = 2147483647;
			files = (
			);
			runOnlyForDeploymentPostprocessing = 0;
		};
		973DEBDF2260A1D40020F233 /* Frameworks */ = {
			isa = PBXFrameworksBuildPhase;
			buildActionMask = 2147483647;
			files = (
			);
			runOnlyForDeploymentPostprocessing = 0;
		};
/* End PBXFrameworksBuildPhase section */

/* Begin PBXGroup section */
		973DEBBA2260A1D30020F233 = {
			isa = PBXGroup;
			children = (
				973DEBFA2260A5750020F233 /* RankingViewController.swift */,
				973DEBF82260A5610020F233 /* GameViewController.swift */,
				973DEBF52260A3DA0020F233 /* bar.png */,
				973DEBF42260A3DA0020F233 /* tail.png */,
				973DEBC52260A1D30020F233 /* BarabaraGame */,
				973DEBDA2260A1D40020F233 /* BarabaraGameTests */,
				973DEBE52260A1D40020F233 /* BarabaraGameUITests */,
				973DEBC42260A1D30020F233 /* Products */,
			);
			sourceTree = "<group>";
		};
		973DEBC42260A1D30020F233 /* Products */ = {
			isa = PBXGroup;
			children = (
				973DEBC32260A1D30020F233 /* BarabaraGame.app */,
				973DEBD72260A1D40020F233 /* BarabaraGameTests.xctest */,
				973DEBE22260A1D40020F233 /* BarabaraGameUITests.xctest */,
			);
			name = Products;
			sourceTree = "<group>";
		};
		973DEBC52260A1D30020F233 /* BarabaraGame */ = {
			isa = PBXGroup;
			children = (
				973DEBC62260A1D30020F233 /* AppDelegate.swift */,
				973DEBC82260A1D30020F233 /* ViewController.swift */,
				973DEBCA2260A1D30020F233 /* Main.storyboard */,
				973DEBCD2260A1D40020F233 /* Assets.xcassets */,
				973DEBCF2260A1D40020F233 /* LaunchScreen.storyboard */,
				973DEBD22260A1D40020F233 /* Info.plist */,
			);
			path = BarabaraGame;
			sourceTree = "<group>";
		};
		973DEBDA2260A1D40020F233 /* BarabaraGameTests */ = {
			isa = PBXGroup;
			children = (
				973DEBDB2260A1D40020F233 /* BarabaraGameTests.swift */,
				973DEBDD2260A1D40020F233 /* Info.plist */,
			);
			path = BarabaraGameTests;
			sourceTree = "<group>";
		};
		973DEBE52260A1D40020F233 /* BarabaraGameUITests */ = {
			isa = PBXGroup;
			children = (
				973DEBE62260A1D40020F233 /* BarabaraGameUITests.swift */,
				973DEBE82260A1D40020F233 /* Info.plist */,
			);
			path = BarabaraGameUITests;
			sourceTree = "<group>";
		};
/* End PBXGroup section */

/* Begin PBXNativeTarget section */
		973DEBC22260A1D30020F233 /* BarabaraGame */ = {
			isa = PBXNativeTarget;
			buildConfigurationList = 973DEBEB2260A1D40020F233 /* Build configuration list for PBXNativeTarget "BarabaraGame" */;
			buildPhases = (
				973DEBBF2260A1D30020F233 /* Sources */,
				973DEBC02260A1D30020F233 /* Frameworks */,
				973DEBC12260A1D30020F233 /* Resources */,
			);
			buildRules = (
			);
			dependencies = (
			);
			name = BarabaraGame;
			productName = BarabaraGame;
			productReference = 973DEBC32260A1D30020F233 /* BarabaraGame.app */;
			productType = "com.apple.product-type.application";
		};
		973DEBD62260A1D40020F233 /* BarabaraGameTests */ = {
			isa = PBXNativeTarget;
			buildConfigurationList = 973DEBEE2260A1D40020F233 /* Build configuration list for PBXNativeTarget "BarabaraGameTests" */;
			buildPhases = (
				973DEBD32260A1D40020F233 /* Sources */,
				973DEBD42260A1D40020F233 /* Frameworks */,
				973DEBD52260A1D40020F233 /* Resources */,
			);
			buildRules = (
			);
			dependencies = (
				973DEBD92260A1D40020F233 /* PBXTargetDependency */,
			);
			name = BarabaraGameTests;
			productName = BarabaraGameTests;
			productReference = 973DEBD72260A1D40020F233 /* BarabaraGameTests.xctest */;
			productType = "com.apple.product-type.bundle.unit-test";
		};
		973DEBE12260A1D40020F233 /* BarabaraGameUITests */ = {
			isa = PBXNativeTarget;
			buildConfigurationList = 973DEBF12260A1D40020F233 /* Build configuration list for PBXNativeTarget "BarabaraGameUITests" */;
			buildPhases = (
				973DEBDE2260A1D40020F233 /* Sources */,
				973DEBDF2260A1D40020F233 /* Frameworks */,
				973DEBE02260A1D40020F233 /* Resources */,
			);
			buildRules = (
			);
			dependencies = (
				973DEBE42260A1D40020F233 /* PBXTargetDependency */,
			);
			name = BarabaraGameUITests;
			productName = BarabaraGameUITests;
			productReference = 973DEBE22260A1D40020F233 /* BarabaraGameUITests.xctest */;
			productType = "com.apple.product-type.bundle.ui-testing";
		};
/* End PBXNativeTarget section */

/* Begin PBXProject section */
		973DEBBB2260A1D30020F233 /* Project object */ = {
			isa = PBXProject;
			attributes = {
				LastSwiftUpdateCheck = 1010;
				LastUpgradeCheck = 1010;
				ORGANIZATIONNAME = "Rika Sumitomo";
				TargetAttributes = {
					973DEBC22260A1D30020F233 = {
						CreatedOnToolsVersion = 10.1;
					};
					973DEBD62260A1D40020F233 = {
						CreatedOnToolsVersion = 10.1;
						TestTargetID = 973DEBC22260A1D30020F233;
					};
					973DEBE12260A1D40020F233 = {
						CreatedOnToolsVersion = 10.1;
						TestTargetID = 973DEBC22260A1D30020F233;
					};
				};
			};
			buildConfigurationList = 973DEBBE2260A1D30020F233 /* Build configuration list for PBXProject "BarabaraGame" */;
			compatibilityVersion = "Xcode 9.3";
			developmentRegion = en;
			hasScannedForEncodings = 0;
			knownRegions = (
				en,
				Base,
			);
			mainGroup = 973DEBBA2260A1D30020F233;
			productRefGroup = 973DEBC42260A1D30020F233 /* Products */;
			projectDirPath = "";
			projectRoot = "";
			targets = (
				973DEBC22260A1D30020F233 /* BarabaraGame */,
				973DEBD62260A1D40020F233 /* BarabaraGameTests */,
				973DEBE12260A1D40020F233 /* BarabaraGameUITests */,
			);
		};
/* End PBXProject section */

/* Begin PBXResourcesBuildPhase section */
		973DEBC12260A1D30020F233 /* Resources */ = {
			isa = PBXResourcesBuildPhase;
			buildActionMask = 2147483647;
			files = (
				973DEBD12260A1D40020F233 /* LaunchScreen.storyboard in Resources */,
				973DEBF72260A3DB0020F233 /* bar.png in Resources */,
				973DEBF62260A3DB0020F233 /* tail.png in Resources */,
				973DEBCE2260A1D40020F233 /* Assets.xcassets in Resources */,
				973DEBCC2260A1D30020F233 /* Main.storyboard in Resources */,
			);
			runOnlyForDeploymentPostprocessing = 0;
		};
		973DEBD52260A1D40020F233 /* Resources */ = {
			isa = PBXResourcesBuildPhase;
			buildActionMask = 2147483647;
			files = (
			);
			runOnlyForDeploymentPostprocessing = 0;
		};
		973DEBE02260A1D40020F233 /* Resources */ = {
			isa = PBXResourcesBuildPhase;
			buildActionMask = 2147483647;
			files = (
			);
			runOnlyForDeploymentPostprocessing = 0;
		};
/* End PBXResourcesBuildPhase section */

/* Begin PBXSourcesBuildPhase section */
		973DEBBF2260A1D30020F233 /* Sources */ = {
			isa = PBXSourcesBuildPhase;
			buildActionMask = 2147483647;
			files = (
				973DEBC92260A1D30020F233 /* ViewController.swift in Sources */,
				973DEBF92260A5620020F233 /* GameViewController.swift in Sources */,
				973DEBC72260A1D30020F233 /* AppDelegate.swift in Sources */,
				973DEBFB2260A5750020F233 /* RankingViewController.swift in Sources */,
			);
			runOnlyForDeploymentPostprocessing = 0;
		};
		973DEBD32260A1D40020F233 /* Sources */ = {
			isa = PBXSourcesBuildPhase;
			buildActionMask = 2147483647;
			files = (
				973DEBDC2260A1D40020F233 /* BarabaraGameTests.swift in Sources */,
			);
			runOnlyForDeploymentPostprocessing = 0;
		};
		973DEBDE2260A1D40020F233 /* Sources */ = {
			isa = PBXSourcesBuildPhase;
			buildActionMask = 2147483647;
			files = (
				973DEBE72260A1D40020F233 /* BarabaraGameUITests.swift in Sources */,
			);
			runOnlyForDeploymentPostprocessing = 0;
		};
/* End PBXSourcesBuildPhase section */

/* Begin PBXTargetDependency section */
		973DEBD92260A1D40020F233 /* PBXTargetDependency */ = {
			isa = PBXTargetDependency;
			target = 973DEBC22260A1D30020F233 /* BarabaraGame */;
			targetProxy = 973DEBD82260A1D40020F233 /* PBXContainerItemProxy */;
		};
		973DEBE42260A1D40020F233 /* PBXTargetDependency */ = {
			isa = PBXTargetDependency;
			target = 973DEBC22260A1D30020F233 /* BarabaraGame */;
			targetProxy = 973DEBE32260A1D40020F233 /* PBXContainerItemProxy */;
		};
/* End PBXTargetDependency section */

/* Begin PBXVariantGroup section */
		973DEBCA2260A1D30020F233 /* Main.storyboard */ = {
			isa = PBXVariantGroup;
			children = (
				973DEBCB2260A1D30020F233 /* Base */,
			);
			name = Main.storyboard;
			sourceTree = "<group>";
		};
		973DEBCF2260A1D40020F233 /* LaunchScreen.storyboard */ = {
			isa = PBXVariantGroup;
			children = (
				973DEBD02260A1D40020F233 /* Base */,
			);
			name = LaunchScreen.storyboard;
			sourceTree = "<group>";
		};
/* End PBXVariantGroup section */

/* Begin XCBuildConfiguration section */
		973DEBE92260A1D40020F233 /* Debug */ = {
			isa = XCBuildConfiguration;
			buildSettings = {
				ALWAYS_SEARCH_USER_PATHS = NO;
				CLANG_ANALYZER_NONNULL = YES;
				CLANG_ANALYZER_NUMBER_OBJECT_CONVERSION = YES_AGGRESSIVE;
				CLANG_CXX_LANGUAGE_STANDARD = "gnu++14";
				CLANG_CXX_LIBRARY = "libc++";
				CLANG_ENABLE_MODULES = YES;
				CLANG_ENABLE_OBJC_ARC = YES;
				CLANG_ENABLE_OBJC_WEAK = YES;
				CLANG_WARN_BLOCK_CAPTURE_AUTORELEASING = YES;
				CLANG_WARN_BOOL_CONVERSION = YES;
				CLANG_WARN_COMMA = YES;
				CLANG_WARN_CONSTANT_CONVERSION = YES;
				CLANG_WARN_DEPRECATED_OBJC_IMPLEMENTATIONS = YES;
				CLANG_WARN_DIRECT_OBJC_ISA_USAGE = YES_ERROR;
				CLANG_WARN_DOCUMENTATION_COMMENTS = YES;
				CLANG_WARN_EMPTY_BODY = YES;
				CLANG_WARN_ENUM_CONVERSION = YES;
				CLANG_WARN_INFINITE_RECURSION = YES;
				CLANG_WARN_INT_CONVERSION = YES;
				CLANG_WARN_NON_LITERAL_NULL_CONVERSION = YES;
				CLANG_WARN_OBJC_IMPLICIT_RETAIN_SELF = YES;
				CLANG_WARN_OBJC_LITERAL_CONVERSION = YES;
				CLANG_WARN_OBJC_ROOT_CLASS = YES_ERROR;
				CLANG_WARN_RANGE_LOOP_ANALYSIS = YES;
				CLANG_WARN_STRICT_PROTOTYPES = YES;
				CLANG_WARN_SUSPICIOUS_MOVE = YES;
				CLANG_WARN_UNGUARDED_AVAILABILITY = YES_AGGRESSIVE;
				CLANG_WARN_UNREACHABLE_CODE = YES;
				CLANG_WARN__DUPLICATE_METHOD_MATCH = YES;
				CODE_SIGN_IDENTITY = "iPhone Developer";
				COPY_PHASE_STRIP = NO;
				DEBUG_INFORMATION_FORMAT = dwarf;
				ENABLE_STRICT_OBJC_MSGSEND = YES;
				ENABLE_TESTABILITY = YES;
				GCC_C_LANGUAGE_STANDARD = gnu11;
				GCC_DYNAMIC_NO_PIC = NO;
				GCC_NO_COMMON_BLOCKS = YES;
				GCC_OPTIMIZATION_LEVEL = 0;
				GCC_PREPROCESSOR_DEFINITIONS = (
					"DEBUG=1",
					"$(inherited)",
				);
				GCC_WARN_64_TO_32_BIT_CONVERSION = YES;
				GCC_WARN_ABOUT_RETURN_TYPE = YES_ERROR;
				GCC_WARN_UNDECLARED_SELECTOR = YES;
				GCC_WARN_UNINITIALIZED_AUTOS = YES_AGGRESSIVE;
				GCC_WARN_UNUSED_FUNCTION = YES;
				GCC_WARN_UNUSED_VARIABLE = YES;
				IPHONEOS_DEPLOYMENT_TARGET = 12.1;
				MTL_ENABLE_DEBUG_INFO = INCLUDE_SOURCE;
				MTL_FAST_MATH = YES;
				ONLY_ACTIVE_ARCH = YES;
				SDKROOT = iphoneos;
				SWIFT_ACTIVE_COMPILATION_CONDITIONS = DEBUG;
				SWIFT_OPTIMIZATION_LEVEL = "-Onone";
			};
			name = Debug;
		};
		973DEBEA2260A1D40020F233 /* Release */ = {
			isa = XCBuildConfiguration;
			buildSettings = {
				ALWAYS_SEARCH_USER_PATHS = NO;
				CLANG_ANALYZER_NONNULL = YES;
				CLANG_ANALYZER_NUMBER_OBJECT_CONVERSION = YES_AGGRESSIVE;
				CLANG_CXX_LANGUAGE_STANDARD = "gnu++14";
				CLANG_CXX_LIBRARY = "libc++";
				CLANG_ENABLE_MODULES = YES;
				CLANG_ENABLE_OBJC_ARC = YES;
				CLANG_ENABLE_OBJC_WEAK = YES;
				CLANG_WARN_BLOCK_CAPTURE_AUTORELEASING = YES;
				CLANG_WARN_BOOL_CONVERSION = YES;
				CLANG_WARN_COMMA = YES;
				CLANG_WARN_CONSTANT_CONVERSION = YES;
				CLANG_WARN_DEPRECATED_OBJC_IMPLEMENTATIONS = YES;
				CLANG_WARN_DIRECT_OBJC_ISA_USAGE = YES_ERROR;
				CLANG_WARN_DOCUMENTATION_COMMENTS = YES;
				CLANG_WARN_EMPTY_BODY = YES;
				CLANG_WARN_ENUM_CONVERSION = YES;
				CLANG_WARN_INFINITE_RECURSION = YES;
				CLANG_WARN_INT_CONVERSION = YES;
				CLANG_WARN_NON_LITERAL_NULL_CONVERSION = YES;
				CLANG_WARN_OBJC_IMPLICIT_RETAIN_SELF = YES;
				CLANG_WARN_OBJC_LITERAL_CONVERSION = YES;
				CLANG_WARN_OBJC_ROOT_CLASS = YES_ERROR;
				CLANG_WARN_RANGE_LOOP_ANALYSIS = YES;
				CLANG_WARN_STRICT_PROTOTYPES = YES;
				CLANG_WARN_SUSPICIOUS_MOVE = YES;
				CLANG_WARN_UNGUARDED_AVAILABILITY = YES_AGGRESSIVE;
				CLANG_WARN_UNREACHABLE_CODE = YES;
				CLANG_WARN__DUPLICATE_METHOD_MATCH = YES;
				CODE_SIGN_IDENTITY = "iPhone Developer";
				COPY_PHASE_STRIP = NO;
				DEBUG_INFORMATION_FORMAT = "dwarf-with-dsym";
				ENABLE_NS_ASSERTIONS = NO;
				ENABLE_STRICT_OBJC_MSGSEND = YES;
				GCC_C_LANGUAGE_STANDARD = gnu11;
				GCC_NO_COMMON_BLOCKS = YES;
				GCC_WARN_64_TO_32_BIT_CONVERSION = YES;
				GCC_WARN_ABOUT_RETURN_TYPE = YES_ERROR;
				GCC_WARN_UNDECLARED_SELECTOR = YES;
				GCC_WARN_UNINITIALIZED_AUTOS = YES_AGGRESSIVE;
				GCC_WARN_UNUSED_FUNCTION = YES;
				GCC_WARN_UNUSED_VARIABLE = YES;
				IPHONEOS_DEPLOYMENT_TARGET = 12.1;
				MTL_ENABLE_DEBUG_INFO = NO;
				MTL_FAST_MATH = YES;
				SDKROOT = iphoneos;
				SWIFT_COMPILATION_MODE = wholemodule;
				SWIFT_OPTIMIZATION_LEVEL = "-O";
				VALIDATE_PRODUCT = YES;
			};
			name = Release;
		};
		973DEBEC2260A1D40020F233 /* Debug */ = {
			isa = XCBuildConfiguration;
			buildSettings = {
				ASSETCATALOG_COMPILER_APPICON_NAME = AppIcon;
				CODE_SIGN_STYLE = Automatic;
				DEVELOPMENT_TEAM = S74K7CZMG5;
				INFOPLIST_FILE = BarabaraGame/Info.plist;
				LD_RUNPATH_SEARCH_PATHS = (
					"$(inherited)",
					"@executable_path/Frameworks",
				);
				PRODUCT_BUNDLE_IDENTIFIER = jp.techacademy.rika.sumitomo.BarabaraGame;
				PRODUCT_NAME = "$(TARGET_NAME)";
				SWIFT_VERSION = 4.2;
				TARGETED_DEVICE_FAMILY = "1,2";
			};
			name = Debug;
		};
		973DEBED2260A1D40020F233 /* Release */ = {
			isa = XCBuildConfiguration;
			buildSettings = {
				ASSETCATALOG_COMPILER_APPICON_NAME = AppIcon;
				CODE_SIGN_STYLE = Automatic;
				DEVELOPMENT_TEAM = S74K7CZMG5;
				INFOPLIST_FILE = BarabaraGame/Info.plist;
				LD_RUNPATH_SEARCH_PATHS = (
					"$(inherited)",
					"@executable_path/Frameworks",
				);
				PRODUCT_BUNDLE_IDENTIFIER = jp.techacademy.rika.sumitomo.BarabaraGame;
				PRODUCT_NAME = "$(TARGET_NAME)";
				SWIFT_VERSION = 4.2;
				TARGETED_DEVICE_FAMILY = "1,2";
			};
			name = Release;
		};
		973DEBEF2260A1D40020F233 /* Debug */ = {
			isa = XCBuildConfiguration;
			buildSettings = {
				ALWAYS_EMBED_SWIFT_STANDARD_LIBRARIES = YES;
				BUNDLE_LOADER = "$(TEST_HOST)";
				CODE_SIGN_STYLE = Automatic;
				DEVELOPMENT_TEAM = S74K7CZMG5;
				INFOPLIST_FILE = BarabaraGameTests/Info.plist;
				LD_RUNPATH_SEARCH_PATHS = (
					"$(inherited)",
					"@executable_path/Frameworks",
					"@loader_path/Frameworks",
				);
				PRODUCT_BUNDLE_IDENTIFIER = jp.techacademy.rika.sumitomo.BarabaraGameTests;
				PRODUCT_NAME = "$(TARGET_NAME)";
				SWIFT_VERSION = 4.2;
				TARGETED_DEVICE_FAMILY = "1,2";
				TEST_HOST = "$(BUILT_PRODUCTS_DIR)/BarabaraGame.app/BarabaraGame";
			};
			name = Debug;
		};
		973DEBF02260A1D40020F233 /* Release */ = {
			isa = XCBuildConfiguration;
			buildSettings = {
				ALWAYS_EMBED_SWIFT_STANDARD_LIBRARIES = YES;
				BUNDLE_LOADER = "$(TEST_HOST)";
				CODE_SIGN_STYLE = Automatic;
				DEVELOPMENT_TEAM = S74K7CZMG5;
				INFOPLIST_FILE = BarabaraGameTests/Info.plist;
				LD_RUNPATH_SEARCH_PATHS = (
					"$(inherited)",
					"@executable_path/Frameworks",
					"@loader_path/Frameworks",
				);
				PRODUCT_BUNDLE_IDENTIFIER = jp.techacademy.rika.sumitomo.BarabaraGameTests;
				PRODUCT_NAME = "$(TARGET_NAME)";
				SWIFT_VERSION = 4.2;
				TARGETED_DEVICE_FAMILY = "1,2";
				TEST_HOST = "$(BUILT_PRODUCTS_DIR)/BarabaraGame.app/BarabaraGame";
			};
			name = Release;
		};
		973DEBF22260A1D40020F233 /* Debug */ = {
			isa = XCBuildConfiguration;
			buildSettings = {
				ALWAYS_EMBED_SWIFT_STANDARD_LIBRARIES = YES;
				CODE_SIGN_STYLE = Automatic;
				DEVELOPMENT_TEAM = S74K7CZMG5;
				INFOPLIST_FILE = BarabaraGameUITests/Info.plist;
				LD_RUNPATH_SEARCH_PATHS = (
					"$(inherited)",
					"@executable_path/Frameworks",
					"@loader_path/Frameworks",
				);
				PRODUCT_BUNDLE_IDENTIFIER = jp.techacademy.rika.sumitomo.BarabaraGameUITests;
				PRODUCT_NAME = "$(TARGET_NAME)";
				SWIFT_VERSION = 4.2;
				TARGETED_DEVICE_FAMILY = "1,2";
				TEST_TARGET_NAME = BarabaraGame;
			};
			name = Debug;
		};
		973DEBF32260A1D40020F233 /* Release */ = {
			isa = XCBuildConfiguration;
			buildSettings = {
				ALWAYS_EMBED_SWIFT_STANDARD_LIBRARIES = YES;
				CODE_SIGN_STYLE = Automatic;
				DEVELOPMENT_TEAM = S74K7CZMG5;
				INFOPLIST_FILE = BarabaraGameUITests/Info.plist;
				LD_RUNPATH_SEARCH_PATHS = (
					"$(inherited)",
					"@executable_path/Frameworks",
					"@loader_path/Frameworks",
				);
				PRODUCT_BUNDLE_IDENTIFIER = jp.techacademy.rika.sumitomo.BarabaraGameUITests;
				PRODUCT_NAME = "$(TARGET_NAME)";
				SWIFT_VERSION = 4.2;
				TARGETED_DEVICE_FAMILY = "1,2";
				TEST_TARGET_NAME = BarabaraGame;
			};
			name = Release;
		};
/* End XCBuildConfiguration section */

/* Begin XCConfigurationList section */
		973DEBBE2260A1D30020F233 /* Build configuration list for PBXProject "BarabaraGame" */ = {
			isa = XCConfigurationList;
			buildConfigurations = (
				973DEBE92260A1D40020F233 /* Debug */,
				973DEBEA2260A1D40020F233 /* Release */,
			);
			defaultConfigurationIsVisible = 0;
			defaultConfigurationName = Release;
		};
		973DEBEB2260A1D40020F233 /* Build configuration list for PBXNativeTarget "BarabaraGame" */ = {
			isa = XCConfigurationList;
			buildConfigurations = (
				973DEBEC2260A1D40020F233 /* Debug */,
				973DEBED2260A1D40020F233 /* Release */,
			);
			defaultConfigurationIsVisible = 0;
			defaultConfigurationName = Release;
		};
		973DEBEE2260A1D40020F233 /* Build configuration list for PBXNativeTarget "BarabaraGameTests" */ = {
			isa = XCConfigurationList;
			buildConfigurations = (
				973DEBEF2260A1D40020F233 /* Debug */,
				973DEBF02260A1D40020F233 /* Release */,
			);
			defaultConfigurationIsVisible = 0;
			defaultConfigurationName = Release;
		};
		973DEBF12260A1D40020F233 /* Build configuration list for PBXNativeTarget "BarabaraGameUITests" */ = {
			isa = XCConfigurationList;
			buildConfigurations = (
				973DEBF22260A1D40020F233 /* Debug */,
				973DEBF32260A1D40020F233 /* Release */,
			);
			defaultConfigurationIsVisible = 0;
			defaultConfigurationName = Release;
		};
/* End XCConfigurationList section */
	};
	rootObject = 973DEBBB2260A1D30020F233 /* Project object */;
}
